
Microsoft Visual Studio Solution File, Format Version 12.00
# Visual Studio Version 17
VisualStudioVersion = 17.13.36105.23
MinimumVisualStudioVersion = 10.0.40219.1
Project("{FAE04EC0-301F-11D3-BF4B-00C04F79EFBC}") = "ClientSimulator_BL", "ClientSimulator_BL\ClientSimulator_BL.csproj", "{AF89133A-341C-4C62-A319-3A148022B10F}"
EndProject
Project("{FAE04EC0-301F-11D3-BF4B-00C04F79EFBC}") = "ClientSimulatorUpload", "ClientSimulatorUpload\ClientSimulatorUpload.csproj", "{888BA466-8D62-4363-AD47-8873497B4C6C}"
EndProject
Project("{FAE04EC0-301F-11D3-BF4B-00C04F79EFBC}") = "ClientSimulator_DL", "ClientSimulator_DL\ClientSimulator_DL.csproj", "{D800FCEC-A690-428B-8172-FAD3F44995A9}"
EndProject
Project("{FAE04EC0-301F-11D3-BF4B-00C04F79EFBC}") = "ClientSimulatorUtils", "ClientSimulatorUtils\ClientSimulatorUtils.csproj", "{C91607F1-1568-4F24-85D2-3D70962F5EB3}"
EndProject
Project("{FAE04EC0-301F-11D3-BF4B-00C04F79EFBC}") = "ClientSimulator_UI", "ClientSimulator_UI\ClientSimulator_UI.csproj", "{679049EF-9A22-431C-B33F-850F33733DAD}"
EndProject
Global
	GlobalSection(SolutionConfigurationPlatforms) = preSolution
		Debug|Any CPU = Debug|Any CPU
		Release|Any CPU = Release|Any CPU
	EndGlobalSection
	GlobalSection(ProjectConfigurationPlatforms) = postSolution
		{AF89133A-341C-4C62-A319-3A148022B10F}.Debug|Any CPU.ActiveCfg = Debug|Any CPU
		{AF89133A-341C-4C62-A319-3A148022B10F}.Debug|Any CPU.Build.0 = Debug|Any CPU
		{AF89133A-341C-4C62-A319-3A148022B10F}.Release|Any CPU.ActiveCfg = Release|Any CPU
		{AF89133A-341C-4C62-A319-3A148022B10F}.Release|Any CPU.Build.0 = Release|Any CPU
		{888BA466-8D62-4363-AD47-8873497B4C6C}.Debug|Any CPU.ActiveCfg = Debug|Any CPU
		{888BA466-8D62-4363-AD47-8873497B4C6C}.Debug|Any CPU.Build.0 = Debug|Any CPU
		{888BA466-8D62-4363-AD47-8873497B4C6C}.Release|Any CPU.ActiveCfg = Release|Any CPU
		{888BA466-8D62-4363-AD47-8873497B4C6C}.Release|Any CPU.Build.0 = Release|Any CPU
		{D800FCEC-A690-428B-8172-FAD3F44995A9}.Debug|Any CPU.ActiveCfg = Debug|Any CPU
		{D800FCEC-A690-428B-8172-FAD3F44995A9}.Debug|Any CPU.Build.0 = Debug|Any CPU
		{D800FCEC-A690-428B-8172-FAD3F44995A9}.Release|Any CPU.ActiveCfg = Release|Any CPU
		{D800FCEC-A690-428B-8172-FAD3F44995A9}.Release|Any CPU.Build.0 = Release|Any CPU
		{C91607F1-1568-4F24-85D2-3D70962F5EB3}.Debug|Any CPU.ActiveCfg = Debug|Any CPU
		{C91607F1-1568-4F24-85D2-3D70962F5EB3}.Debug|Any CPU.Build.0 = Debug|Any CPU
		{C91607F1-1568-4F24-85D2-3D70962F5EB3}.Release|Any CPU.ActiveCfg = Release|Any CPU
		{C91607F1-1568-4F24-85D2-3D70962F5EB3}.Release|Any CPU.Build.0 = Release|Any CPU
		{679049EF-9A22-431C-B33F-850F33733DAD}.Debug|Any CPU.ActiveCfg = Debug|Any CPU
		{679049EF-9A22-431C-B33F-850F33733DAD}.Debug|Any CPU.Build.0 = Debug|Any CPU
		{679049EF-9A22-431C-B33F-850F33733DAD}.Release|Any CPU.ActiveCfg = Release|Any CPU
		{679049EF-9A22-431C-B33F-850F33733DAD}.Release|Any CPU.Build.0 = Release|Any CPU
	EndGlobalSection
	GlobalSection(SolutionProperties) = preSolution
		HideSolutionNode = FALSE
	EndGlobalSection
	GlobalSection(ExtensibilityGlobals) = postSolution
		SolutionGuid = {EED88CA7-8E48-4800-8505-AA9463E55D37}
	EndGlobalSection
EndGlobal
